
Microsoft Visual Studio Solution File, Format Version 12.00
# Visual Studio Version 16
VisualStudioVersion = 16.0.30717.126
MinimumVisualStudioVersion = 10.0.40219.1
Project("{FAE04EC0-301F-11D3-BF4B-00C04F79EFBC}") = "WebService", "src\WebService\WebService.csproj", "{8F9CBDAF-41B5-45FC-8D74-B0141AC2B991}"
EndProject
Global
	GlobalSection(SolutionConfigurationPlatforms) = preSolution
		Debug|Any CPU = Debug|Any CPU
		Release|Any CPU = Release|Any CPU
	EndGlobalSection
	GlobalSection(ProjectConfigurationPlatforms) = postSolution
		{8F9CBDAF-41B5-45FC-8D74-B0141AC2B991}.Debug|Any CPU.ActiveCfg = Debug|Any CPU
		{8F9CBDAF-41B5-45FC-8D74-B0141AC2B991}.Debug|Any CPU.Build.0 = Debug|Any CPU
		{8F9CBDAF-41B5-45FC-8D74-B0141AC2B991}.Release|Any CPU.ActiveCfg = Release|Any CPU
		{8F9CBDAF-41B5-45FC-8D74-B0141AC2B991}.Release|Any CPU.Build.0 = Release|Any CPU
	EndGlobalSection
	GlobalSection(SolutionProperties) = preSolution
		HideSolutionNode = FALSE
	EndGlobalSection
	GlobalSection(ExtensibilityGlobals) = postSolution
		SolutionGuid = {735DF3F6-DE16-494B-AA40-9C6E281D61E3}
	EndGlobalSection
EndGlobal
